github.com/PuerkitoBio/goquery v1.8.0 h1:PJTF7AmFCFKk1N6V6jmKfrNH9tV5pNE6lZMkG0gta/U=
github.com/PuerkitoBio/goquery v1.8.0/go.mod h1:ypIiRMtY7COPGk+I/YbZLbxsxn9g5ejnI2HSMtkjZvI=
github.com/andybalholm/cascadia v1.3.1 h1:nhxRkql1kdYCc8Snf7D5/D3spOX+dBgjA6u8x004T2c=
github.com/andybalholm/cascadia v1.3.1/go.mod h1:R4bJ1UQfqADjvDa4P6HZHLh/3OxWWEqc0Sk8XGwHqvA=
github.com/davecgh/go-spew v1.1.1 h1:vj9j/u1bqnvCEfJOwUhtlOARqs3+rkHYY13jYWTU97c=
github.com/go-co-op/gocron v1.18.0 h1:SxTyJ5xnSN4byCq7b10LmmszFdxQlSQJod8s3gbnXxA=
github.com/go-co-op/gocron v1.18.0/go.mod h1:sD/a0Aadtw5CpflUJ/lpP9Vfdk979Wl1Sg33HPHg0FY=
github.com/julienschmidt/httprouter v1.3.0 h1:U0609e9tgbseu3rBINet9P48AI/D3oJs4dN7jwJOQ1U=
github.com/julienschmidt/httprouter v1.3.0/go.mod h1:JR6WtHb+2LUe8TCKY3cZOxFyyO8IZAc4RVcycCCAKdM=
github.com/pmezard/go-difflib v1.0.0 h1:4DBwDE0NGyQoBHbLQYPwSUPoCMWR5BEzIk/f1lZbAQM=
github.com/relvacode/iso8601 v1.3.0 h1:HguUjsGpIMh/zsTczGN3DVJFxTU/GX+MMmzcKoMO7ko=
github.com/relvacode/iso8601 v1.3.0/go.mod h1:FlNp+jz+TXpyRqgmM7tnzHHzBnz776kmAH2h3sZCn0I=
github.com/robfig/cron/v3 v3.0.1 h1:WdRxkvbJztn8LMz/QEvLN5sBU+xKpSqwwUO1Pjr4qDs=
github.com/robfig/cron/v3 v3.0.1/go.mod h1:eQICP3HwyT7UooqI/z+Ov+PtYAWygg1TEWWzGIFLtro=
github.com/stretchr/testify v1.8.1 h1:w7B6lhMri9wdJUVmEZPGGhZzrYTPvgJArz7wNPgYKsk=
golang.org/x/net v0.0.0-20210916014120-12bc252f5db8/go.mod h1:9nx3DQGgdP8bBQD5qxJ1jj9UTztislL4KSBs9R2vV5Y=
golang.org/x/net v0.4.0 h1:Q5QPcMlvfxFTAPV0+07Xz/MpK9NTXu2VDUuy0FeMfaU=
golang.org/x/net v0.4.0/go.mod h1:MBQ8lrhLObU/6UmLb4fmbmk5OcyYmqtbGd/9yIeKjEE=
golang.org/x/sync v0.1.0 h1:wsuoTGHzEhffawBOhz5CYhcrV4IdKZbEyZjBMuTp12o=
golang.org/x/sync v0.1.0/go.mod h1:RxMgew5VJxzue5/jJTE5uejpjVlOe/izrB70Jof72aM=
golang.org/x/sys v0.0.0-20201119102817-f84b799fce68/go.mod h1:h1NjWce9XRLGQEsW7wpKNCjG9DtNlClVuFLEZdDNbEs=
golang.org/x/sys v0.0.0-20210423082822-04245dca01da/go.mod h1:h1NjWce9XRLGQEsW7wpKNCjG9DtNlClVuFLEZdDNbEs=
golang.org/x/term v0.0.0-20201126162022-7de9c90e9dd1/go.mod h1:bj7SfCRtBDWHUb9snDiAeCFNEtKQo2Wmx5Cou7ajbmo=
golang.org/x/text v0.3.6/go.mod h1:5Zoc/QRtKVWzQhOtBMvqHzDpF6irO9z98xDceosuGiQ=
golang.org/x/tools v0.0.0-20180917221912-90fa682c2a6e/go.mod h1:n7NCudcB/nEzxVGmLbDWY5pfWTLqBcC2KZ6jyYvM4mQ=
gopkg.in/yaml.v3 v3.0.1 h1:fxVm/GzAzEWqLHuvctI91KS9hhNmmWOoWu0XTYJS7CA=
